
Microsoft Visual Studio Solution File, Format Version 12.00
# Visual Studio 15
VisualStudioVersion = 15.0.28307.572
MinimumVisualStudioVersion = 10.0.40219.1
Project("{FAE04EC0-301F-11D3-BF4B-00C04F79EFBC}") = "CAR", "CAR\CAR.csproj", "{28C7549D-39A1-4134-8532-0CAD405B6F18}"
EndProject
Global
	GlobalSection(SolutionConfigurationPlatforms) = preSolution
		Debug|Any CPU = Debug|Any CPU
		Release|Any CPU = Release|Any CPU
	EndGlobalSection
	GlobalSection(ProjectConfigurationPlatforms) = postSolution
		{28C7549D-39A1-4134-8532-0CAD405B6F18}.Debug|Any CPU.ActiveCfg = Debug|Any CPU
		{28C7549D-39A1-4134-8532-0CAD405B6F18}.Debug|Any CPU.Build.0 = Debug|Any CPU
		{28C7549D-39A1-4134-8532-0CAD405B6F18}.Release|Any CPU.ActiveCfg = Release|Any CPU
		{28C7549D-39A1-4134-8532-0CAD405B6F18}.Release|Any CPU.Build.0 = Release|Any CPU
	EndGlobalSection
	GlobalSection(SolutionProperties) = preSolution
		HideSolutionNode = FALSE
	EndGlobalSection
	GlobalSection(ExtensibilityGlobals) = postSolution
		SolutionGuid = {557F7F95-97AE-4224-A3E1-2DD7E206A009}
	EndGlobalSection
EndGlobal
